
Microsoft Visual Studio Solution File, Format Version 12.00
# Visual Studio Version 17
VisualStudioVersion = 17.3.32929.385
MinimumVisualStudioVersion = 10.0.40219.1
Project("{FAE04EC0-301F-11D3-BF4B-00C04F79EFBC}") = "FireStrike", "FireStrike.csproj", "{8CFF0FE6-1F32-4DCE-8398-0B3BD27B67B6}"
EndProject
Global
	GlobalSection(SolutionConfigurationPlatforms) = preSolution
		Debug|Any CPU = Debug|Any CPU
		Release|Any CPU = Release|Any CPU
	EndGlobalSection
	GlobalSection(ProjectConfigurationPlatforms) = postSolution
		{8CFF0FE6-1F32-4DCE-8398-0B3BD27B67B6}.Debug|Any CPU.ActiveCfg = Debug|Any CPU
		{8CFF0FE6-1F32-4DCE-8398-0B3BD27B67B6}.Debug|Any CPU.Build.0 = Debug|Any CPU
		{8CFF0FE6-1F32-4DCE-8398-0B3BD27B67B6}.Release|Any CPU.ActiveCfg = Release|Any CPU
		{8CFF0FE6-1F32-4DCE-8398-0B3BD27B67B6}.Release|Any CPU.Build.0 = Release|Any CPU
	EndGlobalSection
	GlobalSection(SolutionProperties) = preSolution
		HideSolutionNode = FALSE
	EndGlobalSection
	GlobalSection(ExtensibilityGlobals) = postSolution
		SolutionGuid = {AB433543-D877-4B2F-A67F-E55AE9D91319}
	EndGlobalSection
EndGlobal
